// !$*UTF8*$!
{
	archiveVersion = 1;
	classes = {
	};
	objectVersion = 48;
	objects = {

/* Begin PBXBuildFile section */
		236582D92021E20C0020756D /* AppDelegate.swift in Sources */ = {isa = PBXBuildFile; fileRef = 236582D82021E20C0020756D /* AppDelegate.swift */; };
		236582DB2021E20C0020756D /* MainVC.swift in Sources */ = {isa = PBXBuildFile; fileRef = 236582DA2021E20C0020756D /* MainVC.swift */; };
		236582DE2021E20C0020756D /* Main.storyboard in Resources */ = {isa = PBXBuildFile; fileRef = 236582DC2021E20C0020756D /* Main.storyboard */; };
		236582E12021E20C0020756D /* ListItApp.xcdatamodeld in Sources */ = {isa = PBXBuildFile; fileRef = 236582DF2021E20C0020756D /* ListItApp.xcdatamodeld */; };
		236582E32021E20C0020756D /* Assets.xcassets in Resources */ = {isa = PBXBuildFile; fileRef = 236582E22021E20C0020756D /* Assets.xcassets */; };
		236582E62021E20C0020756D /* LaunchScreen.storyboard in Resources */ = {isa = PBXBuildFile; fileRef = 236582E42021E20C0020756D /* LaunchScreen.storyboard */; };
		236582F52021F1110020756D /* Store+CoreDataClass.swift in Sources */ = {isa = PBXBuildFile; fileRef = 236582ED2021F1110020756D /* Store+CoreDataClass.swift */; };
		236582F62021F1110020756D /* Store+CoreDataProperties.swift in Sources */ = {isa = PBXBuildFile; fileRef = 236582EE2021F1110020756D /* Store+CoreDataProperties.swift */; };
		236582F72021F1110020756D /* ItemType+CoreDataClass.swift in Sources */ = {isa = PBXBuildFile; fileRef = 236582EF2021F1110020756D /* ItemType+CoreDataClass.swift */; };
		236582F82021F1110020756D /* ItemType+CoreDataProperties.swift in Sources */ = {isa = PBXBuildFile; fileRef = 236582F02021F1110020756D /* ItemType+CoreDataProperties.swift */; };
		236582F92021F1110020756D /* Item+CoreDataClass.swift in Sources */ = {isa = PBXBuildFile; fileRef = 236582F12021F1110020756D /* Item+CoreDataClass.swift */; };
		236582FA2021F1110020756D /* Item+CoreDataProperties.swift in Sources */ = {isa = PBXBuildFile; fileRef = 236582F22021F1110020756D /* Item+CoreDataProperties.swift */; };
		236582FB2021F1110020756D /* Image+CoreDataClass.swift in Sources */ = {isa = PBXBuildFile; fileRef = 236582F32021F1110020756D /* Image+CoreDataClass.swift */; };
		236582FC2021F1110020756D /* Image+CoreDataProperties.swift in Sources */ = {isa = PBXBuildFile; fileRef = 236582F42021F1110020756D /* Image+CoreDataProperties.swift */; };
		2365830320220FA50020756D /* Proxima Nova Light.otf in Resources */ = {isa = PBXBuildFile; fileRef = 2365830020220FA40020756D /* Proxima Nova Light.otf */; };
		2365830420220FA50020756D /* Proxima Nova Bold.otf in Resources */ = {isa = PBXBuildFile; fileRef = 2365830120220FA50020756D /* Proxima Nova Bold.otf */; };
		2365830520220FA50020756D /* Proxima Nova Regular.otf in Resources */ = {isa = PBXBuildFile; fileRef = 2365830220220FA50020756D /* Proxima Nova Regular.otf */; };
		23658308202215610020756D /* MaterialView.swift in Sources */ = {isa = PBXBuildFile; fileRef = 23658307202215610020756D /* MaterialView.swift */; };
/* End PBXBuildFile section */

/* Begin PBXFileReference section */
		236582D52021E20C0020756D /* ListItApp.app */ = {isa = PBXFileReference; explicitFileType = wrapper.application; includeInIndex = 0; path = ListItApp.app; sourceTree = BUILT_PRODUCTS_DIR; };
		236582D82021E20C0020756D /* AppDelegate.swift */ = {isa = PBXFileReference; lastKnownFileType = sourcecode.swift; path = AppDelegate.swift; sourceTree = "<group>"; };
		236582DA2021E20C0020756D /* MainVC.swift */ = {isa = PBXFileReference; lastKnownFileType = sourcecode.swift; path = MainVC.swift; sourceTree = "<group>"; };
		236582DD2021E20C0020756D /* Base */ = {isa = PBXFileReference; lastKnownFileType = file.storyboard; name = Base; path = Base.lproj/Main.storyboard; sourceTree = "<group>"; };
		236582E02021E20C0020756D /* ListItApp.xcdatamodel */ = {isa = PBXFileReference; lastKnownFileType = wrapper.xcdatamodel; path = ListItApp.xcdatamodel; sourceTree = "<group>"; };
		236582E22021E20C0020756D /* Assets.xcassets */ = {isa = PBXFileReference; lastKnownFileType = folder.assetcatalog; path = Assets.xcassets; sourceTree = "<group>"; };
		236582E52021E20C0020756D /* Base */ = {isa = PBXFileReference; lastKnownFileType = file.storyboard; name = Base; path = Base.lproj/LaunchScreen.storyboard; sourceTree = "<group>"; };
		236582E72021E20C0020756D /* Info.plist */ = {isa = PBXFileReference; lastKnownFileType = text.plist.xml; path = Info.plist; sourceTree = "<group>"; };
		236582ED2021F1110020756D /* Store+CoreDataClass.swift */ = {isa = PBXFileReference; lastKnownFileType = sourcecode.swift; path = "Store+CoreDataClass.swift"; sourceTree = "<group>"; };
		236582EE2021F1110020756D /* Store+CoreDataProperties.swift */ = {isa = PBXFileReference; lastKnownFileType = sourcecode.swift; path = "Store+CoreDataProperties.swift"; sourceTree = "<group>"; };
		236582EF2021F1110020756D /* ItemType+CoreDataClass.swift */ = {isa = PBXFileReference; lastKnownFileType = sourcecode.swift; path = "ItemType+CoreDataClass.swift"; sourceTree = "<group>"; };
		236582F02021F1110020756D /* ItemType+CoreDataProperties.swift */ = {isa = PBXFileReference; lastKnownFileType = sourcecode.swift; path = "ItemType+CoreDataProperties.swift"; sourceTree = "<group>"; };
		236582F12021F1110020756D /* Item+CoreDataClass.swift */ = {isa = PBXFileReference; lastKnownFileType = sourcecode.swift; path = "Item+CoreDataClass.swift"; sourceTree = "<group>"; };
		236582F22021F1110020756D /* Item+CoreDataProperties.swift */ = {isa = PBXFileReference; lastKnownFileType = sourcecode.swift; path = "Item+CoreDataProperties.swift"; sourceTree = "<group>"; };
		236582F32021F1110020756D /* Image+CoreDataClass.swift */ = {isa = PBXFileReference; lastKnownFileType = sourcecode.swift; path = "Image+CoreDataClass.swift"; sourceTree = "<group>"; };
		236582F42021F1110020756D /* Image+CoreDataProperties.swift */ = {isa = PBXFileReference; lastKnownFileType = sourcecode.swift; path = "Image+CoreDataProperties.swift"; sourceTree = "<group>"; };
		2365830020220FA40020756D /* Proxima Nova Light.otf */ = {isa = PBXFileReference; lastKnownFileType = file; path = "Proxima Nova Light.otf"; sourceTree = "<group>"; };
		2365830120220FA50020756D /* Proxima Nova Bold.otf */ = {isa = PBXFileReference; lastKnownFileType = file; path = "Proxima Nova Bold.otf"; sourceTree = "<group>"; };
		2365830220220FA50020756D /* Proxima Nova Regular.otf */ = {isa = PBXFileReference; lastKnownFileType = file; path = "Proxima Nova Regular.otf"; sourceTree = "<group>"; };
		23658307202215610020756D /* MaterialView.swift */ = {isa = PBXFileReference; lastKnownFileType = sourcecode.swift; path = MaterialView.swift; sourceTree = "<group>"; };
/* End PBXFileReference section */

/* Begin PBXFrameworksBuildPhase section */
		236582D22021E20C0020756D /* Frameworks */ = {
			isa = PBXFrameworksBuildPhase;
			buildActionMask = 2147483647;
			files = (
			);
			runOnlyForDeploymentPostprocessing = 0;
		};
/* End PBXFrameworksBuildPhase section */

/* Begin PBXGroup section */
		236582CC2021E20C0020756D = {
			isa = PBXGroup;
			children = (
				236582D72021E20C0020756D /* ListItApp */,
				236582D62021E20C0020756D /* Products */,
			);
			sourceTree = "<group>";
		};
		236582D62021E20C0020756D /* Products */ = {
			isa = PBXGroup;
			children = (
				236582D52021E20C0020756D /* ListItApp.app */,
			);
			name = Products;
			sourceTree = "<group>";
		};
		236582D72021E20C0020756D /* ListItApp */ = {
			isa = PBXGroup;
			children = (
				236583062022151C0020756D /* View */,
				236582FD2021F2A30020756D /* Model */,
				236582FF20220F550020756D /* Ressources */,
				236582D82021E20C0020756D /* AppDelegate.swift */,
				236582DA2021E20C0020756D /* MainVC.swift */,
				236582DC2021E20C0020756D /* Main.storyboard */,
				236582E22021E20C0020756D /* Assets.xcassets */,
				236582E42021E20C0020756D /* LaunchScreen.storyboard */,
				236582E72021E20C0020756D /* Info.plist */,
				236582DF2021E20C0020756D /* ListItApp.xcdatamodeld */,
			);
			path = ListItApp;
			sourceTree = "<group>";
		};
		236582FD2021F2A30020756D /* Model */ = {
			isa = PBXGroup;
			children = (
				236582ED2021F1110020756D /* Store+CoreDataClass.swift */,
				236582EF2021F1110020756D /* ItemType+CoreDataClass.swift */,
				236582F12021F1110020756D /* Item+CoreDataClass.swift */,
				236582F32021F1110020756D /* Image+CoreDataClass.swift */,
				236582FE2021F2B50020756D /* Generated */,
			);
			path = Model;
			sourceTree = "<group>";
		};
		236582FE2021F2B50020756D /* Generated */ = {
			isa = PBXGroup;
			children = (
				236582EE2021F1110020756D /* Store+CoreDataProperties.swift */,
				236582F02021F1110020756D /* ItemType+CoreDataProperties.swift */,
				236582F22021F1110020756D /* Item+CoreDataProperties.swift */,
				236582F42021F1110020756D /* Image+CoreDataProperties.swift */,
			);
			path = Generated;
			sourceTree = "<group>";
		};
		236582FF20220F550020756D /* Ressources */ = {
			isa = PBXGroup;
			children = (
				2365830120220FA50020756D /* Proxima Nova Bold.otf */,
				2365830020220FA40020756D /* Proxima Nova Light.otf */,
				2365830220220FA50020756D /* Proxima Nova Regular.otf */,
			);
			path = Ressources;
			sourceTree = "<group>";
		};
		236583062022151C0020756D /* View */ = {
			isa = PBXGroup;
			children = (
				23658307202215610020756D /* MaterialView.swift */,
			);
			path = View;
			sourceTree = "<group>";
		};
/* End PBXGroup section */

/* Begin PBXNativeTarget section */
		236582D42021E20C0020756D /* ListItApp */ = {
			isa = PBXNativeTarget;
			buildConfigurationList = 236582EA2021E20C0020756D /* Build configuration list for PBXNativeTarget "ListItApp" */;
			buildPhases = (
				236582D12021E20C0020756D /* Sources */,
				236582D22021E20C0020756D /* Frameworks */,
				236582D32021E20C0020756D /* Resources */,
			);
			buildRules = (
			);
			dependencies = (
			);
			name = ListItApp;
			productName = ListItApp;
			productReference = 236582D52021E20C0020756D /* ListItApp.app */;
			productType = "com.apple.product-type.application";
		};
/* End PBXNativeTarget section */

/* Begin PBXProject section */
		236582CD2021E20C0020756D /* Project object */ = {
			isa = PBXProject;
			attributes = {
				LastSwiftUpdateCheck = 0920;
				LastUpgradeCheck = 0920;
				ORGANIZATIONNAME = "Jakub Slawecki";
				TargetAttributes = {
					236582D42021E20C0020756D = {
						CreatedOnToolsVersion = 9.2;
						ProvisioningStyle = Automatic;
					};
				};
			};
			buildConfigurationList = 236582D02021E20C0020756D /* Build configuration list for PBXProject "ListItApp" */;
			compatibilityVersion = "Xcode 8.0";
			developmentRegion = en;
			hasScannedForEncodings = 0;
			knownRegions = (
				en,
				Base,
			);
			mainGroup = 236582CC2021E20C0020756D;
			productRefGroup = 236582D62021E20C0020756D /* Products */;
			projectDirPath = "";
			projectRoot = "";
			targets = (
				236582D42021E20C0020756D /* ListItApp */,
			);
		};
/* End PBXProject section */

/* Begin PBXResourcesBuildPhase section */
		236582D32021E20C0020756D /* Resources */ = {
			isa = PBXResourcesBuildPhase;
			buildActionMask = 2147483647;
			files = (
				236582E62021E20C0020756D /* LaunchScreen.storyboard in Resources */,
				2365830320220FA50020756D /* Proxima Nova Light.otf in Resources */,
				236582E32021E20C0020756D /* Assets.xcassets in Resources */,
				2365830520220FA50020756D /* Proxima Nova Regular.otf in Resources */,
				236582DE2021E20C0020756D /* Main.storyboard in Resources */,
				2365830420220FA50020756D /* Proxima Nova Bold.otf in Resources */,
			);
			runOnlyForDeploymentPostprocessing = 0;
		};
/* End PBXResourcesBuildPhase section */

/* Begin PBXSourcesBuildPhase section */
		236582D12021E20C0020756D /* Sources */ = {
			isa = PBXSourcesBuildPhase;
			buildActionMask = 2147483647;
			files = (
				236582F72021F1110020756D /* ItemType+CoreDataClass.swift in Sources */,
				236582F62021F1110020756D /* Store+CoreDataProperties.swift in Sources */,
				236582DB2021E20C0020756D /* MainVC.swift in Sources */,
				23658308202215610020756D /* MaterialView.swift in Sources */,
				236582F52021F1110020756D /* Store+CoreDataClass.swift in Sources */,
				236582D92021E20C0020756D /* AppDelegate.swift in Sources */,
				236582F82021F1110020756D /* ItemType+CoreDataProperties.swift in Sources */,
				236582FA2021F1110020756D /* Item+CoreDataProperties.swift in Sources */,
				236582F92021F1110020756D /* Item+CoreDataClass.swift in Sources */,
				236582E12021E20C0020756D /* ListItApp.xcdatamodeld in Sources */,
				236582FB2021F1110020756D /* Image+CoreDataClass.swift in Sources */,
				236582FC2021F1110020756D /* Image+CoreDataProperties.swift in Sources */,
			);
			runOnlyForDeploymentPostprocessing = 0;
		};
/* End PBXSourcesBuildPhase section */

/* Begin PBXVariantGroup section */
		236582DC2021E20C0020756D /* Main.storyboard */ = {
			isa = PBXVariantGroup;
			children = (
				236582DD2021E20C0020756D /* Base */,
			);
			name = Main.storyboard;
			sourceTree = "<group>";
		};
		236582E42021E20C0020756D /* LaunchScreen.storyboard */ = {
			isa = PBXVariantGroup;
			children = (
				236582E52021E20C0020756D /* Base */,
			);
			name = LaunchScreen.storyboard;
			sourceTree = "<group>";
		};
/* End PBXVariantGroup section */

/* Begin XCBuildConfiguration section */
		236582E82021E20C0020756D /* Debug */ = {
			isa = XCBuildConfiguration;
			buildSettings = {
				ALWAYS_SEARCH_USER_PATHS = NO;
				CLANG_ANALYZER_NONNULL = YES;
				CLANG_ANALYZER_NUMBER_OBJECT_CONVERSION = YES_AGGRESSIVE;
				CLANG_CXX_LANGUAGE_STANDARD = "gnu++14";
				CLANG_CXX_LIBRARY = "libc++";
				CLANG_ENABLE_MODULES = YES;
				CLANG_ENABLE_OBJC_ARC = YES;
				CLANG_WARN_BLOCK_CAPTURE_AUTORELEASING = YES;
				CLANG_WARN_BOOL_CONVERSION = YES;
				CLANG_WARN_COMMA = YES;
				CLANG_WARN_CONSTANT_CONVERSION = YES;
				CLANG_WARN_DIRECT_OBJC_ISA_USAGE = YES_ERROR;
				CLANG_WARN_DOCUMENTATION_COMMENTS = YES;
				CLANG_WARN_EMPTY_BODY = YES;
				CLANG_WARN_ENUM_CONVERSION = YES;
				CLANG_WARN_INFINITE_RECURSION = YES;
				CLANG_WARN_INT_CONVERSION = YES;
				CLANG_WARN_NON_LITERAL_NULL_CONVERSION = YES;
				CLANG_WARN_OBJC_LITERAL_CONVERSION = YES;
				CLANG_WARN_OBJC_ROOT_CLASS = YES_ERROR;
				CLANG_WARN_RANGE_LOOP_ANALYSIS = YES;
				CLANG_WARN_STRICT_PROTOTYPES = YES;
				CLANG_WARN_SUSPICIOUS_MOVE = YES;
				CLANG_WARN_UNGUARDED_AVAILABILITY = YES_AGGRESSIVE;
				CLANG_WARN_UNREACHABLE_CODE = YES;
				CLANG_WARN__DUPLICATE_METHOD_MATCH = YES;
				CODE_SIGN_IDENTITY = "iPhone Developer";
				COPY_PHASE_STRIP = NO;
				DEBUG_INFORMATION_FORMAT = dwarf;
				ENABLE_STRICT_OBJC_MSGSEND = YES;
				ENABLE_TESTABILITY = YES;
				GCC_C_LANGUAGE_STANDARD = gnu11;
				GCC_DYNAMIC_NO_PIC = NO;
				GCC_NO_COMMON_BLOCKS = YES;
				GCC_OPTIMIZATION_LEVEL = 0;
				GCC_PREPROCESSOR_DEFINITIONS = (
					"DEBUG=1",
					"$(inherited)",
				);
				GCC_WARN_64_TO_32_BIT_CONVERSION = YES;
				GCC_WARN_ABOUT_RETURN_TYPE = YES_ERROR;
				GCC_WARN_UNDECLARED_SELECTOR = YES;
				GCC_WARN_UNINITIALIZED_AUTOS = YES_AGGRESSIVE;
				GCC_WARN_UNUSED_FUNCTION = YES;
				GCC_WARN_UNUSED_VARIABLE = YES;
				IPHONEOS_DEPLOYMENT_TARGET = 11.2;
				MTL_ENABLE_DEBUG_INFO = YES;
				ONLY_ACTIVE_ARCH = YES;
				SDKROOT = iphoneos;
				SWIFT_ACTIVE_COMPILATION_CONDITIONS = DEBUG;
				SWIFT_OPTIMIZATION_LEVEL = "-Onone";
			};
			name = Debug;
		};
		236582E92021E20C0020756D /* Release */ = {
			isa = XCBuildConfiguration;
			buildSettings = {
				ALWAYS_SEARCH_USER_PATHS = NO;
				CLANG_ANALYZER_NONNULL = YES;
				CLANG_ANALYZER_NUMBER_OBJECT_CONVERSION = YES_AGGRESSIVE;
				CLANG_CXX_LANGUAGE_STANDARD = "gnu++14";
				CLANG_CXX_LIBRARY = "libc++";
				CLANG_ENABLE_MODULES = YES;
				CLANG_ENABLE_OBJC_ARC = YES;
				CLANG_WARN_BLOCK_CAPTURE_AUTORELEASING = YES;
				CLANG_WARN_BOOL_CONVERSION = YES;
				CLANG_WARN_COMMA = YES;
				CLANG_WARN_CONSTANT_CONVERSION = YES;
				CLANG_WARN_DIRECT_OBJC_ISA_USAGE = YES_ERROR;
				CLANG_WARN_DOCUMENTATION_COMMENTS = YES;
				CLANG_WARN_EMPTY_BODY = YES;
				CLANG_WARN_ENUM_CONVERSION = YES;
				CLANG_WARN_INFINITE_RECURSION = YES;
				CLANG_WARN_INT_CONVERSION = YES;
				CLANG_WARN_NON_LITERAL_NULL_CONVERSION = YES;
				CLANG_WARN_OBJC_LITERAL_CONVERSION = YES;
				CLANG_WARN_OBJC_ROOT_CLASS = YES_ERROR;
				CLANG_WARN_RANGE_LOOP_ANALYSIS = YES;
				CLANG_WARN_STRICT_PROTOTYPES = YES;
				CLANG_WARN_SUSPICIOUS_MOVE = YES;
				CLANG_WARN_UNGUARDED_AVAILABILITY = YES_AGGRESSIVE;
				CLANG_WARN_UNREACHABLE_CODE = YES;
				CLANG_WARN__DUPLICATE_METHOD_MATCH = YES;
				CODE_SIGN_IDENTITY = "iPhone Developer";
				COPY_PHASE_STRIP = NO;
				DEBUG_INFORMATION_FORMAT = "dwarf-with-dsym";
				ENABLE_NS_ASSERTIONS = NO;
				ENABLE_STRICT_OBJC_MSGSEND = YES;
				GCC_C_LANGUAGE_STANDARD = gnu11;
				GCC_NO_COMMON_BLOCKS = YES;
				GCC_WARN_64_TO_32_BIT_CONVERSION = YES;
				GCC_WARN_ABOUT_RETURN_TYPE = YES_ERROR;
				GCC_WARN_UNDECLARED_SELECTOR = YES;
				GCC_WARN_UNINITIALIZED_AUTOS = YES_AGGRESSIVE;
				GCC_WARN_UNUSED_FUNCTION = YES;
				GCC_WARN_UNUSED_VARIABLE = YES;
				IPHONEOS_DEPLOYMENT_TARGET = 11.2;
				MTL_ENABLE_DEBUG_INFO = NO;
				SDKROOT = iphoneos;
				SWIFT_OPTIMIZATION_LEVEL = "-Owholemodule";
				VALIDATE_PRODUCT = YES;
			};
			name = Release;
		};
		236582EB2021E20C0020756D /* Debug */ = {
			isa = XCBuildConfiguration;
			buildSettings = {
				ASSETCATALOG_COMPILER_APPICON_NAME = AppIcon;
				CODE_SIGN_STYLE = Automatic;
				DEVELOPMENT_TEAM = TNJ5QF4LT5;
				INFOPLIST_FILE = ListItApp/Info.plist;
				LD_RUNPATH_SEARCH_PATHS = "$(inherited) @executable_path/Frameworks";
				PRODUCT_BUNDLE_IDENTIFIER = JS.ListItApp;
				PRODUCT_NAME = "$(TARGET_NAME)";
				SWIFT_VERSION = 4.0;
				TARGETED_DEVICE_FAMILY = "1,2";
			};
			name = Debug;
		};
		236582EC2021E20C0020756D /* Release */ = {
			isa = XCBuildConfiguration;
			buildSettings = {
				ASSETCATALOG_COMPILER_APPICON_NAME = AppIcon;
				CODE_SIGN_STYLE = Automatic;
				DEVELOPMENT_TEAM = TNJ5QF4LT5;
				INFOPLIST_FILE = ListItApp/Info.plist;
				LD_RUNPATH_SEARCH_PATHS = "$(inherited) @executable_path/Frameworks";
				PRODUCT_BUNDLE_IDENTIFIER = JS.ListItApp;
				PRODUCT_NAME = "$(TARGET_NAME)";
				SWIFT_VERSION = 4.0;
				TARGETED_DEVICE_FAMILY = "1,2";
			};
			name = Release;
		};
/* End XCBuildConfiguration section */

/* Begin XCConfigurationList section */
		236582D02021E20C0020756D /* Build configuration list for PBXProject "ListItApp" */ = {
			isa = XCConfigurationList;
			buildConfigurations = (
				236582E82021E20C0020756D /* Debug */,
				236582E92021E20C0020756D /* Release */,
			);
			defaultConfigurationIsVisible = 0;
			defaultConfigurationName = Release;
		};
		236582EA2021E20C0020756D /* Build configuration list for PBXNativeTarget "ListItApp" */ = {
			isa = XCConfigurationList;
			buildConfigurations = (
				236582EB2021E20C0020756D /* Debug */,
				236582EC2021E20C0020756D /* Release */,
			);
			defaultConfigurationIsVisible = 0;
			defaultConfigurationName = Release;
		};
/* End XCConfigurationList section */

/* Begin XCVersionGroup section */
		236582DF2021E20C0020756D /* ListItApp.xcdatamodeld */ = {
			isa = XCVersionGroup;
			children = (
				236582E02021E20C0020756D /* ListItApp.xcdatamodel */,
			);
			currentVersion = 236582E02021E20C0020756D /* ListItApp.xcdatamodel */;
			path = ListItApp.xcdatamodeld;
			sourceTree = "<group>";
			versionGroupType = wrapper.xcdatamodel;
		};
/* End XCVersionGroup section */
	};
	rootObject = 236582CD2021E20C0020756D /* Project object */;
}
